
Microsoft Visual Studio Solution File, Format Version 12.00
# Visual Studio 15
VisualStudioVersion = 15.0.27130.2010
MinimumVisualStudioVersion = 10.0.40219.1
Project("{FAE04EC0-301F-11D3-BF4B-00C04F79EFBC}") = "Article.Web", "Article\Article.Web.csproj", "{FA92EF80-733B-48DF-9EFD-5B7423E1D909}"
EndProject
Project("{FAE04EC0-301F-11D3-BF4B-00C04F79EFBC}") = "Article.Infrastructure", "Article.Infrastructure\Article.Infrastructure.csproj", "{2B02A9EC-B14E-4DB8-AE03-2F82EDDEE599}"
EndProject
Project("{FAE04EC0-301F-11D3-BF4B-00C04F79EFBC}") = "Article.Core", "Article.Core\Article.Core.csproj", "{27BCE619-FE5F-40E0-9CA6-520C4F0C9032}"
EndProject
Global
	GlobalSection(SolutionConfigurationPlatforms) = preSolution
		Debug|Any CPU = Debug|Any CPU
		Release|Any CPU = Release|Any CPU
	EndGlobalSection
	GlobalSection(ProjectConfigurationPlatforms) = postSolution
		{FA92EF80-733B-48DF-9EFD-5B7423E1D909}.Debug|Any CPU.ActiveCfg = Debug|Any CPU
		{FA92EF80-733B-48DF-9EFD-5B7423E1D909}.Debug|Any CPU.Build.0 = Debug|Any CPU
		{FA92EF80-733B-48DF-9EFD-5B7423E1D909}.Release|Any CPU.ActiveCfg = Release|Any CPU
		{FA92EF80-733B-48DF-9EFD-5B7423E1D909}.Release|Any CPU.Build.0 = Release|Any CPU
		{2B02A9EC-B14E-4DB8-AE03-2F82EDDEE599}.Debug|Any CPU.ActiveCfg = Debug|Any CPU
		{2B02A9EC-B14E-4DB8-AE03-2F82EDDEE599}.Debug|Any CPU.Build.0 = Debug|Any CPU
		{2B02A9EC-B14E-4DB8-AE03-2F82EDDEE599}.Release|Any CPU.ActiveCfg = Release|Any CPU
		{2B02A9EC-B14E-4DB8-AE03-2F82EDDEE599}.Release|Any CPU.Build.0 = Release|Any CPU
		{27BCE619-FE5F-40E0-9CA6-520C4F0C9032}.Debug|Any CPU.ActiveCfg = Debug|Any CPU
		{27BCE619-FE5F-40E0-9CA6-520C4F0C9032}.Debug|Any CPU.Build.0 = Debug|Any CPU
		{27BCE619-FE5F-40E0-9CA6-520C4F0C9032}.Release|Any CPU.ActiveCfg = Release|Any CPU
		{27BCE619-FE5F-40E0-9CA6-520C4F0C9032}.Release|Any CPU.Build.0 = Release|Any CPU
	EndGlobalSection
	GlobalSection(SolutionProperties) = preSolution
		HideSolutionNode = FALSE
	EndGlobalSection
	GlobalSection(ExtensibilityGlobals) = postSolution
		SolutionGuid = {A32A23B5-A0EF-4966-9D58-E39F4E5FA329}
	EndGlobalSection
EndGlobal
